
Microsoft Visual Studio Solution File, Format Version 12.00
# Visual Studio 15
VisualStudioVersion = 15.0.26124.0
MinimumVisualStudioVersion = 15.0.26124.0
Project("{FAE04EC0-301F-11D3-BF4B-00C04F79EFBC}") = "EventBus.Core", "EventBus.Core\EventBus.Core.csproj", "{44CBD4FE-3CB7-4DBF-8150-2C771D0F5531}"
EndProject
Project("{FAE04EC0-301F-11D3-BF4B-00C04F79EFBC}") = "EventBus.RabbitMQ", "EventBus.RabbitMQ\EventBus.RabbitMQ.csproj", "{A9BE735E-480A-4930-A392-8A76D5A1F7C9}"
EndProject
Project("{FAE04EC0-301F-11D3-BF4B-00C04F79EFBC}") = "EventBus.SampleProject", "EventBus.SampleProject\EventBus.SampleProject.csproj", "{A6CC3F17-489F-4796-A9C0-75EDB3650C05}"
EndProject
Project("{FAE04EC0-301F-11D3-BF4B-00C04F79EFBC}") = "EventBus.AzureServiceBus", "EventBus.AzureServiceBus\EventBus.AzureServiceBus.csproj", "{377BD3B7-7C12-4C4E-A021-C3E26AB3EA6D}"
EndProject
Project("{FAE04EC0-301F-11D3-BF4B-00C04F79EFBC}") = "EventBus.UnitTests", "EventBus.UnitTests\EventBus.UnitTests.csproj", "{BE2788EA-0C35-4573-86D0-D279D03DC23F}"
EndProject
Project("{FAE04EC0-301F-11D3-BF4B-00C04F79EFBC}") = "EventBus.IntegrationTests", "EventBus.IntegrationTests\EventBus.IntegrationTests.csproj", "{FF4842A1-1B06-4E47-93B7-2D3E0F2A405D}"
EndProject
Project("{FAE04EC0-301F-11D3-BF4B-00C04F79EFBC}") = "EventBus.Kafka", "EventBus.Kafka\EventBus.Kafka.csproj", "{7223C276-A454-48C0-91B7-E83633F0D1D2}"
EndProject
Global
	GlobalSection(SolutionConfigurationPlatforms) = preSolution
		Debug|Any CPU = Debug|Any CPU
		Debug|x64 = Debug|x64
		Debug|x86 = Debug|x86
		Release|Any CPU = Release|Any CPU
		Release|x64 = Release|x64
		Release|x86 = Release|x86
	EndGlobalSection
	GlobalSection(SolutionProperties) = preSolution
		HideSolutionNode = FALSE
	EndGlobalSection
	GlobalSection(ProjectConfigurationPlatforms) = postSolution
		{44CBD4FE-3CB7-4DBF-8150-2C771D0F5531}.Debug|Any CPU.ActiveCfg = Debug|Any CPU
		{44CBD4FE-3CB7-4DBF-8150-2C771D0F5531}.Debug|Any CPU.Build.0 = Debug|Any CPU
		{44CBD4FE-3CB7-4DBF-8150-2C771D0F5531}.Debug|x64.ActiveCfg = Debug|Any CPU
		{44CBD4FE-3CB7-4DBF-8150-2C771D0F5531}.Debug|x64.Build.0 = Debug|Any CPU
		{44CBD4FE-3CB7-4DBF-8150-2C771D0F5531}.Debug|x86.ActiveCfg = Debug|Any CPU
		{44CBD4FE-3CB7-4DBF-8150-2C771D0F5531}.Debug|x86.Build.0 = Debug|Any CPU
		{44CBD4FE-3CB7-4DBF-8150-2C771D0F5531}.Release|Any CPU.ActiveCfg = Release|Any CPU
		{44CBD4FE-3CB7-4DBF-8150-2C771D0F5531}.Release|Any CPU.Build.0 = Release|Any CPU
		{44CBD4FE-3CB7-4DBF-8150-2C771D0F5531}.Release|x64.ActiveCfg = Release|Any CPU
		{44CBD4FE-3CB7-4DBF-8150-2C771D0F5531}.Release|x64.Build.0 = Release|Any CPU
		{44CBD4FE-3CB7-4DBF-8150-2C771D0F5531}.Release|x86.ActiveCfg = Release|Any CPU
		{44CBD4FE-3CB7-4DBF-8150-2C771D0F5531}.Release|x86.Build.0 = Release|Any CPU
		{A9BE735E-480A-4930-A392-8A76D5A1F7C9}.Debug|Any CPU.ActiveCfg = Debug|Any CPU
		{A9BE735E-480A-4930-A392-8A76D5A1F7C9}.Debug|Any CPU.Build.0 = Debug|Any CPU
		{A9BE735E-480A-4930-A392-8A76D5A1F7C9}.Debug|x64.ActiveCfg = Debug|Any CPU
		{A9BE735E-480A-4930-A392-8A76D5A1F7C9}.Debug|x64.Build.0 = Debug|Any CPU
		{A9BE735E-480A-4930-A392-8A76D5A1F7C9}.Debug|x86.ActiveCfg = Debug|Any CPU
		{A9BE735E-480A-4930-A392-8A76D5A1F7C9}.Debug|x86.Build.0 = Debug|Any CPU
		{A9BE735E-480A-4930-A392-8A76D5A1F7C9}.Release|Any CPU.ActiveCfg = Release|Any CPU
		{A9BE735E-480A-4930-A392-8A76D5A1F7C9}.Release|Any CPU.Build.0 = Release|Any CPU
		{A9BE735E-480A-4930-A392-8A76D5A1F7C9}.Release|x64.ActiveCfg = Release|Any CPU
		{A9BE735E-480A-4930-A392-8A76D5A1F7C9}.Release|x64.Build.0 = Release|Any CPU
		{A9BE735E-480A-4930-A392-8A76D5A1F7C9}.Release|x86.ActiveCfg = Release|Any CPU
		{A9BE735E-480A-4930-A392-8A76D5A1F7C9}.Release|x86.Build.0 = Release|Any CPU
		{A6CC3F17-489F-4796-A9C0-75EDB3650C05}.Debug|Any CPU.ActiveCfg = Debug|Any CPU
		{A6CC3F17-489F-4796-A9C0-75EDB3650C05}.Debug|Any CPU.Build.0 = Debug|Any CPU
		{A6CC3F17-489F-4796-A9C0-75EDB3650C05}.Debug|x64.ActiveCfg = Debug|Any CPU
		{A6CC3F17-489F-4796-A9C0-75EDB3650C05}.Debug|x64.Build.0 = Debug|Any CPU
		{A6CC3F17-489F-4796-A9C0-75EDB3650C05}.Debug|x86.ActiveCfg = Debug|Any CPU
		{A6CC3F17-489F-4796-A9C0-75EDB3650C05}.Debug|x86.Build.0 = Debug|Any CPU
		{A6CC3F17-489F-4796-A9C0-75EDB3650C05}.Release|Any CPU.ActiveCfg = Release|Any CPU
		{A6CC3F17-489F-4796-A9C0-75EDB3650C05}.Release|Any CPU.Build.0 = Release|Any CPU
		{A6CC3F17-489F-4796-A9C0-75EDB3650C05}.Release|x64.ActiveCfg = Release|Any CPU
		{A6CC3F17-489F-4796-A9C0-75EDB3650C05}.Release|x64.Build.0 = Release|Any CPU
		{A6CC3F17-489F-4796-A9C0-75EDB3650C05}.Release|x86.ActiveCfg = Release|Any CPU
		{A6CC3F17-489F-4796-A9C0-75EDB3650C05}.Release|x86.Build.0 = Release|Any CPU
		{377BD3B7-7C12-4C4E-A021-C3E26AB3EA6D}.Debug|Any CPU.ActiveCfg = Debug|Any CPU
		{377BD3B7-7C12-4C4E-A021-C3E26AB3EA6D}.Debug|Any CPU.Build.0 = Debug|Any CPU
		{377BD3B7-7C12-4C4E-A021-C3E26AB3EA6D}.Debug|x64.ActiveCfg = Debug|Any CPU
		{377BD3B7-7C12-4C4E-A021-C3E26AB3EA6D}.Debug|x64.Build.0 = Debug|Any CPU
		{377BD3B7-7C12-4C4E-A021-C3E26AB3EA6D}.Debug|x86.ActiveCfg = Debug|Any CPU
		{377BD3B7-7C12-4C4E-A021-C3E26AB3EA6D}.Debug|x86.Build.0 = Debug|Any CPU
		{377BD3B7-7C12-4C4E-A021-C3E26AB3EA6D}.Release|Any CPU.ActiveCfg = Release|Any CPU
		{377BD3B7-7C12-4C4E-A021-C3E26AB3EA6D}.Release|Any CPU.Build.0 = Release|Any CPU
		{377BD3B7-7C12-4C4E-A021-C3E26AB3EA6D}.Release|x64.ActiveCfg = Release|Any CPU
		{377BD3B7-7C12-4C4E-A021-C3E26AB3EA6D}.Release|x64.Build.0 = Release|Any CPU
		{377BD3B7-7C12-4C4E-A021-C3E26AB3EA6D}.Release|x86.ActiveCfg = Release|Any CPU
		{377BD3B7-7C12-4C4E-A021-C3E26AB3EA6D}.Release|x86.Build.0 = Release|Any CPU
		{BE2788EA-0C35-4573-86D0-D279D03DC23F}.Debug|Any CPU.ActiveCfg = Debug|Any CPU
		{BE2788EA-0C35-4573-86D0-D279D03DC23F}.Debug|Any CPU.Build.0 = Debug|Any CPU
		{BE2788EA-0C35-4573-86D0-D279D03DC23F}.Debug|x64.ActiveCfg = Debug|Any CPU
		{BE2788EA-0C35-4573-86D0-D279D03DC23F}.Debug|x64.Build.0 = Debug|Any CPU
		{BE2788EA-0C35-4573-86D0-D279D03DC23F}.Debug|x86.ActiveCfg = Debug|Any CPU
		{BE2788EA-0C35-4573-86D0-D279D03DC23F}.Debug|x86.Build.0 = Debug|Any CPU
		{BE2788EA-0C35-4573-86D0-D279D03DC23F}.Release|Any CPU.ActiveCfg = Release|Any CPU
		{BE2788EA-0C35-4573-86D0-D279D03DC23F}.Release|Any CPU.Build.0 = Release|Any CPU
		{BE2788EA-0C35-4573-86D0-D279D03DC23F}.Release|x64.ActiveCfg = Release|Any CPU
		{BE2788EA-0C35-4573-86D0-D279D03DC23F}.Release|x64.Build.0 = Release|Any CPU
		{BE2788EA-0C35-4573-86D0-D279D03DC23F}.Release|x86.ActiveCfg = Release|Any CPU
		{BE2788EA-0C35-4573-86D0-D279D03DC23F}.Release|x86.Build.0 = Release|Any CPU
		{FF4842A1-1B06-4E47-93B7-2D3E0F2A405D}.Debug|Any CPU.ActiveCfg = Debug|Any CPU
		{FF4842A1-1B06-4E47-93B7-2D3E0F2A405D}.Debug|Any CPU.Build.0 = Debug|Any CPU
		{FF4842A1-1B06-4E47-93B7-2D3E0F2A405D}.Debug|x64.ActiveCfg = Debug|Any CPU
		{FF4842A1-1B06-4E47-93B7-2D3E0F2A405D}.Debug|x64.Build.0 = Debug|Any CPU
		{FF4842A1-1B06-4E47-93B7-2D3E0F2A405D}.Debug|x86.ActiveCfg = Debug|Any CPU
		{FF4842A1-1B06-4E47-93B7-2D3E0F2A405D}.Debug|x86.Build.0 = Debug|Any CPU
		{FF4842A1-1B06-4E47-93B7-2D3E0F2A405D}.Release|Any CPU.ActiveCfg = Release|Any CPU
		{FF4842A1-1B06-4E47-93B7-2D3E0F2A405D}.Release|Any CPU.Build.0 = Release|Any CPU
		{FF4842A1-1B06-4E47-93B7-2D3E0F2A405D}.Release|x64.ActiveCfg = Release|Any CPU
		{FF4842A1-1B06-4E47-93B7-2D3E0F2A405D}.Release|x64.Build.0 = Release|Any CPU
		{FF4842A1-1B06-4E47-93B7-2D3E0F2A405D}.Release|x86.ActiveCfg = Release|Any CPU
		{FF4842A1-1B06-4E47-93B7-2D3E0F2A405D}.Release|x86.Build.0 = Release|Any CPU
		{AC016157-F02F-42B1-917F-5C8739082323}.Debug|Any CPU.ActiveCfg = Debug|Any CPU
		{AC016157-F02F-42B1-917F-5C8739082323}.Debug|Any CPU.Build.0 = Debug|Any CPU
		{AC016157-F02F-42B1-917F-5C8739082323}.Debug|x64.ActiveCfg = Debug|Any CPU
		{AC016157-F02F-42B1-917F-5C8739082323}.Debug|x64.Build.0 = Debug|Any CPU
		{AC016157-F02F-42B1-917F-5C8739082323}.Debug|x86.ActiveCfg = Debug|Any CPU
		{AC016157-F02F-42B1-917F-5C8739082323}.Debug|x86.Build.0 = Debug|Any CPU
		{AC016157-F02F-42B1-917F-5C8739082323}.Release|Any CPU.ActiveCfg = Release|Any CPU
		{AC016157-F02F-42B1-917F-5C8739082323}.Release|Any CPU.Build.0 = Release|Any CPU
		{AC016157-F02F-42B1-917F-5C8739082323}.Release|x64.ActiveCfg = Release|Any CPU
		{AC016157-F02F-42B1-917F-5C8739082323}.Release|x64.Build.0 = Release|Any CPU
		{AC016157-F02F-42B1-917F-5C8739082323}.Release|x86.ActiveCfg = Release|Any CPU
		{AC016157-F02F-42B1-917F-5C8739082323}.Release|x86.Build.0 = Release|Any CPU
		{7223C276-A454-48C0-91B7-E83633F0D1D2}.Debug|Any CPU.ActiveCfg = Debug|Any CPU
		{7223C276-A454-48C0-91B7-E83633F0D1D2}.Debug|Any CPU.Build.0 = Debug|Any CPU
		{7223C276-A454-48C0-91B7-E83633F0D1D2}.Debug|x64.ActiveCfg = Debug|Any CPU
		{7223C276-A454-48C0-91B7-E83633F0D1D2}.Debug|x64.Build.0 = Debug|Any CPU
		{7223C276-A454-48C0-91B7-E83633F0D1D2}.Debug|x86.ActiveCfg = Debug|Any CPU
		{7223C276-A454-48C0-91B7-E83633F0D1D2}.Debug|x86.Build.0 = Debug|Any CPU
		{7223C276-A454-48C0-91B7-E83633F0D1D2}.Release|Any CPU.ActiveCfg = Release|Any CPU
		{7223C276-A454-48C0-91B7-E83633F0D1D2}.Release|Any CPU.Build.0 = Release|Any CPU
		{7223C276-A454-48C0-91B7-E83633F0D1D2}.Release|x64.ActiveCfg = Release|Any CPU
		{7223C276-A454-48C0-91B7-E83633F0D1D2}.Release|x64.Build.0 = Release|Any CPU
		{7223C276-A454-48C0-91B7-E83633F0D1D2}.Release|x86.ActiveCfg = Release|Any CPU
		{7223C276-A454-48C0-91B7-E83633F0D1D2}.Release|x86.Build.0 = Release|Any CPU
	EndGlobalSection
EndGlobal
